
Microsoft Visual Studio Solution File, Format Version 12.00
# Visual Studio 15
VisualStudioVersion = 15.0.28307.421
MinimumVisualStudioVersion = 10.0.40219.1
Project("{FAE04EC0-301F-11D3-BF4B-00C04F79EFBC}") = "App.Data.DataAccess", "App.Data.DataAccess\App.Data.DataAccess.csproj", "{B6E325AF-00CF-4F91-9BC9-435F725D9915}"
EndProject
Project("{FAE04EC0-301F-11D3-BF4B-00C04F79EFBC}") = "App.Entities.Base", "App.Entities.Base\App.Entities.Base.csproj", "{14ADC132-FBEC-4A49-B9C1-CE33965DD5EA}"
EndProject
Project("{FAE04EC0-301F-11D3-BF4B-00C04F79EFBC}") = "App.Entities.Queries", "App.Entities.Queries\App.Entities.Queries.csproj", "{00CD011B-CA35-4F3D-9BE9-3FE084279B99}"
EndProject
Project("{FAE04EC0-301F-11D3-BF4B-00C04F79EFBC}") = "App.UI.Desktop", "App.UI.Desktop\App.UI.Desktop.csproj", "{96378BC8-6AD0-424D-B864-93DB47C0CFBA}"
EndProject
Project("{2150E333-8FDC-42A3-9474-1A3956D46DE8}") = "Data", "Data", "{7F48EBE0-CE07-4040-8158-A9599FA2A71A}"
EndProject
Project("{2150E333-8FDC-42A3-9474-1A3956D46DE8}") = "Entities", "Entities", "{4CB03F8F-82D5-4B08-8936-BBAB55B5338C}"
EndProject
Project("{2150E333-8FDC-42A3-9474-1A3956D46DE8}") = "UI.Design", "UI.Design", "{7EF8FA49-EB44-46D6-A75E-D36BCBDF4A21}"
EndProject
Project("{FAE04EC0-301F-11D3-BF4B-00C04F79EFBC}") = "App.Data.Repository.Interface", "App.Data.Repository.Interface\App.Data.Repository.Interface.csproj", "{62B798B9-6430-4945-8D07-48E187EA8CCA}"
EndProject
Project("{FAE04EC0-301F-11D3-BF4B-00C04F79EFBC}") = "App.Data.Repository.Test", "App.Data.Repository.Test\App.Data.Repository.Test.csproj", "{0D97A6C4-21BD-4879-8433-94E696778C06}"
EndProject
Project("{FAE04EC0-301F-11D3-BF4B-00C04F79EFBC}") = "App.Data.Repository", "ArtistRepository\App.Data.Repository.csproj", "{6795007A-636C-412A-805D-3E335A8A8C0C}"
EndProject
Project("{FAE04EC0-301F-11D3-BF4B-00C04F79EFBC}") = "App.DataAccess.Test", "App.DataAccess.Test\App.DataAccess.Test.csproj", "{30EA2420-7DA1-42CA-93A1-0C6864A36A0F}"
EndProject
Project("{2150E333-8FDC-42A3-9474-1A3956D46DE8}") = "Services", "Services", "{0E28F373-ADAA-424C-A2F0-3545D57283AF}"
EndProject
Project("{FAE04EC0-301F-11D3-BF4B-00C04F79EFBC}") = "App.Service.WCF.Lib", "App.Service.WCF.Lib\App.Service.WCF.Lib.csproj", "{DC6884B9-7B15-4D78-9CEE-6C86E8DB697B}"
EndProject
Global
	GlobalSection(SolutionConfigurationPlatforms) = preSolution
		Debug|Any CPU = Debug|Any CPU
		Release|Any CPU = Release|Any CPU
	EndGlobalSection
	GlobalSection(ProjectConfigurationPlatforms) = postSolution
		{B6E325AF-00CF-4F91-9BC9-435F725D9915}.Debug|Any CPU.ActiveCfg = Debug|Any CPU
		{B6E325AF-00CF-4F91-9BC9-435F725D9915}.Debug|Any CPU.Build.0 = Debug|Any CPU
		{B6E325AF-00CF-4F91-9BC9-435F725D9915}.Release|Any CPU.ActiveCfg = Release|Any CPU
		{B6E325AF-00CF-4F91-9BC9-435F725D9915}.Release|Any CPU.Build.0 = Release|Any CPU
		{14ADC132-FBEC-4A49-B9C1-CE33965DD5EA}.Debug|Any CPU.ActiveCfg = Debug|Any CPU
		{14ADC132-FBEC-4A49-B9C1-CE33965DD5EA}.Debug|Any CPU.Build.0 = Debug|Any CPU
		{14ADC132-FBEC-4A49-B9C1-CE33965DD5EA}.Release|Any CPU.ActiveCfg = Release|Any CPU
		{14ADC132-FBEC-4A49-B9C1-CE33965DD5EA}.Release|Any CPU.Build.0 = Release|Any CPU
		{00CD011B-CA35-4F3D-9BE9-3FE084279B99}.Debug|Any CPU.ActiveCfg = Debug|Any CPU
		{00CD011B-CA35-4F3D-9BE9-3FE084279B99}.Debug|Any CPU.Build.0 = Debug|Any CPU
		{00CD011B-CA35-4F3D-9BE9-3FE084279B99}.Release|Any CPU.ActiveCfg = Release|Any CPU
		{00CD011B-CA35-4F3D-9BE9-3FE084279B99}.Release|Any CPU.Build.0 = Release|Any CPU
		{96378BC8-6AD0-424D-B864-93DB47C0CFBA}.Debug|Any CPU.ActiveCfg = Debug|Any CPU
		{96378BC8-6AD0-424D-B864-93DB47C0CFBA}.Debug|Any CPU.Build.0 = Debug|Any CPU
		{96378BC8-6AD0-424D-B864-93DB47C0CFBA}.Release|Any CPU.ActiveCfg = Release|Any CPU
		{96378BC8-6AD0-424D-B864-93DB47C0CFBA}.Release|Any CPU.Build.0 = Release|Any CPU
		{62B798B9-6430-4945-8D07-48E187EA8CCA}.Debug|Any CPU.ActiveCfg = Debug|Any CPU
		{62B798B9-6430-4945-8D07-48E187EA8CCA}.Debug|Any CPU.Build.0 = Debug|Any CPU
		{62B798B9-6430-4945-8D07-48E187EA8CCA}.Release|Any CPU.ActiveCfg = Release|Any CPU
		{62B798B9-6430-4945-8D07-48E187EA8CCA}.Release|Any CPU.Build.0 = Release|Any CPU
		{0D97A6C4-21BD-4879-8433-94E696778C06}.Debug|Any CPU.ActiveCfg = Debug|Any CPU
		{0D97A6C4-21BD-4879-8433-94E696778C06}.Debug|Any CPU.Build.0 = Debug|Any CPU
		{0D97A6C4-21BD-4879-8433-94E696778C06}.Release|Any CPU.ActiveCfg = Release|Any CPU
		{0D97A6C4-21BD-4879-8433-94E696778C06}.Release|Any CPU.Build.0 = Release|Any CPU
		{6795007A-636C-412A-805D-3E335A8A8C0C}.Debug|Any CPU.ActiveCfg = Debug|Any CPU
		{6795007A-636C-412A-805D-3E335A8A8C0C}.Debug|Any CPU.Build.0 = Debug|Any CPU
		{6795007A-636C-412A-805D-3E335A8A8C0C}.Release|Any CPU.ActiveCfg = Release|Any CPU
		{6795007A-636C-412A-805D-3E335A8A8C0C}.Release|Any CPU.Build.0 = Release|Any CPU
		{30EA2420-7DA1-42CA-93A1-0C6864A36A0F}.Debug|Any CPU.ActiveCfg = Debug|Any CPU
		{30EA2420-7DA1-42CA-93A1-0C6864A36A0F}.Debug|Any CPU.Build.0 = Debug|Any CPU
		{30EA2420-7DA1-42CA-93A1-0C6864A36A0F}.Release|Any CPU.ActiveCfg = Release|Any CPU
		{30EA2420-7DA1-42CA-93A1-0C6864A36A0F}.Release|Any CPU.Build.0 = Release|Any CPU
		{DC6884B9-7B15-4D78-9CEE-6C86E8DB697B}.Debug|Any CPU.ActiveCfg = Debug|Any CPU
		{DC6884B9-7B15-4D78-9CEE-6C86E8DB697B}.Debug|Any CPU.Build.0 = Debug|Any CPU
		{DC6884B9-7B15-4D78-9CEE-6C86E8DB697B}.Release|Any CPU.ActiveCfg = Release|Any CPU
		{DC6884B9-7B15-4D78-9CEE-6C86E8DB697B}.Release|Any CPU.Build.0 = Release|Any CPU
	EndGlobalSection
	GlobalSection(SolutionProperties) = preSolution
		HideSolutionNode = FALSE
	EndGlobalSection
	GlobalSection(NestedProjects) = preSolution
		{B6E325AF-00CF-4F91-9BC9-435F725D9915} = {7F48EBE0-CE07-4040-8158-A9599FA2A71A}
		{14ADC132-FBEC-4A49-B9C1-CE33965DD5EA} = {4CB03F8F-82D5-4B08-8936-BBAB55B5338C}
		{00CD011B-CA35-4F3D-9BE9-3FE084279B99} = {4CB03F8F-82D5-4B08-8936-BBAB55B5338C}
		{96378BC8-6AD0-424D-B864-93DB47C0CFBA} = {7EF8FA49-EB44-46D6-A75E-D36BCBDF4A21}
		{62B798B9-6430-4945-8D07-48E187EA8CCA} = {7F48EBE0-CE07-4040-8158-A9599FA2A71A}
		{0D97A6C4-21BD-4879-8433-94E696778C06} = {7F48EBE0-CE07-4040-8158-A9599FA2A71A}
		{6795007A-636C-412A-805D-3E335A8A8C0C} = {7F48EBE0-CE07-4040-8158-A9599FA2A71A}
		{30EA2420-7DA1-42CA-93A1-0C6864A36A0F} = {7F48EBE0-CE07-4040-8158-A9599FA2A71A}
		{DC6884B9-7B15-4D78-9CEE-6C86E8DB697B} = {0E28F373-ADAA-424C-A2F0-3545D57283AF}
	EndGlobalSection
	GlobalSection(ExtensibilityGlobals) = postSolution
		SolutionGuid = {BAEEF703-9977-4850-8F7F-2AB819EBB1AD}
	EndGlobalSection
EndGlobal
