
Microsoft Visual Studio Solution File, Format Version 12.00
# Visual Studio 15
VisualStudioVersion = 15.0.28307.421
MinimumVisualStudioVersion = 10.0.40219.1
Project("{FAE04EC0-301F-11D3-BF4B-00C04F79EFBC}") = "App.Data.DataAccess", "App.Data.DataAccess\App.Data.DataAccess.csproj", "{13A8782A-18E8-40F0-940B-9F5F3C355670}"
EndProject
Project("{FAE04EC0-301F-11D3-BF4B-00C04F79EFBC}") = "App.Entities.Base", "App.Entities.Base\App.Entities.Base.csproj", "{FC98E1B8-B978-4E3B-97DD-1776B7104A85}"
EndProject
Project("{FAE04EC0-301F-11D3-BF4B-00C04F79EFBC}") = "App.DataAccess.Test", "ArtistDAUnitTest\App.DataAccess.Test.csproj", "{51100525-AC69-494B-9689-9D9AB090CA4B}"
EndProject
Global
	GlobalSection(SolutionConfigurationPlatforms) = preSolution
		Debug|Any CPU = Debug|Any CPU
		Release|Any CPU = Release|Any CPU
	EndGlobalSection
	GlobalSection(ProjectConfigurationPlatforms) = postSolution
		{13A8782A-18E8-40F0-940B-9F5F3C355670}.Debug|Any CPU.ActiveCfg = Debug|Any CPU
		{13A8782A-18E8-40F0-940B-9F5F3C355670}.Debug|Any CPU.Build.0 = Debug|Any CPU
		{13A8782A-18E8-40F0-940B-9F5F3C355670}.Release|Any CPU.ActiveCfg = Release|Any CPU
		{13A8782A-18E8-40F0-940B-9F5F3C355670}.Release|Any CPU.Build.0 = Release|Any CPU
		{FC98E1B8-B978-4E3B-97DD-1776B7104A85}.Debug|Any CPU.ActiveCfg = Debug|Any CPU
		{FC98E1B8-B978-4E3B-97DD-1776B7104A85}.Debug|Any CPU.Build.0 = Debug|Any CPU
		{FC98E1B8-B978-4E3B-97DD-1776B7104A85}.Release|Any CPU.ActiveCfg = Release|Any CPU
		{FC98E1B8-B978-4E3B-97DD-1776B7104A85}.Release|Any CPU.Build.0 = Release|Any CPU
		{51100525-AC69-494B-9689-9D9AB090CA4B}.Debug|Any CPU.ActiveCfg = Debug|Any CPU
		{51100525-AC69-494B-9689-9D9AB090CA4B}.Debug|Any CPU.Build.0 = Debug|Any CPU
		{51100525-AC69-494B-9689-9D9AB090CA4B}.Release|Any CPU.ActiveCfg = Release|Any CPU
		{51100525-AC69-494B-9689-9D9AB090CA4B}.Release|Any CPU.Build.0 = Release|Any CPU
	EndGlobalSection
	GlobalSection(SolutionProperties) = preSolution
		HideSolutionNode = FALSE
	EndGlobalSection
	GlobalSection(ExtensibilityGlobals) = postSolution
		SolutionGuid = {55DABC7D-4BC2-4F1B-8FA9-DD2CD3DEBCDB}
	EndGlobalSection
EndGlobal
